
Microsoft Visual Studio Solution File, Format Version 12.00
# Visual Studio Version 17
VisualStudioVersion = 17.0.31903.59
MinimumVisualStudioVersion = 10.0.40219.1
Project("{2150E333-8FDC-42A3-9474-1A3956D46DE8}") = "src", "src", "{0B35802F-2FFD-4130-95AD-93A3E0FD9FAF}"
EndProject
Project("{FAE04EC0-301F-11D3-BF4B-00C04F79EFBC}") = "AuctionService", "src\AuctionService\AuctionService.csproj", "{F9A2492E-526B-46EB-B22D-AA70F77B2214}"
EndProject
Global
	GlobalSection(SolutionConfigurationPlatforms) = preSolution
		Debug|Any CPU = Debug|Any CPU
		Release|Any CPU = Release|Any CPU
	EndGlobalSection
	GlobalSection(SolutionProperties) = preSolution
		HideSolutionNode = FALSE
	EndGlobalSection
	GlobalSection(ProjectConfigurationPlatforms) = postSolution
		{F9A2492E-526B-46EB-B22D-AA70F77B2214}.Debug|Any CPU.ActiveCfg = Debug|Any CPU
		{F9A2492E-526B-46EB-B22D-AA70F77B2214}.Debug|Any CPU.Build.0 = Debug|Any CPU
		{F9A2492E-526B-46EB-B22D-AA70F77B2214}.Release|Any CPU.ActiveCfg = Release|Any CPU
		{F9A2492E-526B-46EB-B22D-AA70F77B2214}.Release|Any CPU.Build.0 = Release|Any CPU
	EndGlobalSection
	GlobalSection(NestedProjects) = preSolution
		{F9A2492E-526B-46EB-B22D-AA70F77B2214} = {0B35802F-2FFD-4130-95AD-93A3E0FD9FAF}
	EndGlobalSection
EndGlobal
